
Microsoft Visual Studio Solution File, Format Version 12.00
# Visual Studio Version 16
VisualStudioVersion = 16.0.31624.102
MinimumVisualStudioVersion = 10.0.40219.1
Project("{9A19103F-16F7-4668-BE54-9A1E7A4F7556}") = "MetalBake", "MetalBake\MetalBake.csproj", "{29460A5F-A4B2-4BEF-B16B-45E2F0F70965}"
EndProject
Project("{2150E333-8FDC-42A3-9474-1A3956D46DE8}") = "1.Present", "1.Present", "{CAC0DC8C-2D19-41BF-B014-2C11A9102599}"
EndProject
Project("{2150E333-8FDC-42A3-9474-1A3956D46DE8}") = "2.Application", "2.Application", "{411AC267-8087-4B14-863A-D555EE71B5C1}"
EndProject
Project("{2150E333-8FDC-42A3-9474-1A3956D46DE8}") = "3.Domain", "3.Domain", "{A6182FED-1F3E-4C14-92F1-B917BA5BC896}"
EndProject
Project("{2150E333-8FDC-42A3-9474-1A3956D46DE8}") = "4.Infraestructure", "4.Infraestructure", "{EDC33BC5-3849-4B1C-9764-8D9CDE204AA3}"
EndProject
Project("{FAE04EC0-301F-11D3-BF4B-00C04F79EFBC}") = "MetalBakery.MVC", "MetalBakery.MVC\MetalBakery.MVC.csproj", "{662956E9-9001-4059-8422-4309DCD86AE4}"
EndProject
Project("{FAE04EC0-301F-11D3-BF4B-00C04F79EFBC}") = "MetalBakery.API", "MetalBakery.API\MetalBakery.API.csproj", "{06803F1E-2478-4CDE-88F8-C0943651A1E0}"
EndProject
Project("{FAE04EC0-301F-11D3-BF4B-00C04F79EFBC}") = "MetalBakery.Core", "MetalBakery.Core\MetalBakery.Core.csproj", "{FC4AE55A-BAEC-4E47-9585-39FD44599532}"
EndProject
Global
	GlobalSection(SolutionConfigurationPlatforms) = preSolution
		Debug|Any CPU = Debug|Any CPU
		Release|Any CPU = Release|Any CPU
	EndGlobalSection
	GlobalSection(ProjectConfigurationPlatforms) = postSolution
		{29460A5F-A4B2-4BEF-B16B-45E2F0F70965}.Debug|Any CPU.ActiveCfg = Debug|Any CPU
		{29460A5F-A4B2-4BEF-B16B-45E2F0F70965}.Debug|Any CPU.Build.0 = Debug|Any CPU
		{29460A5F-A4B2-4BEF-B16B-45E2F0F70965}.Release|Any CPU.ActiveCfg = Release|Any CPU
		{29460A5F-A4B2-4BEF-B16B-45E2F0F70965}.Release|Any CPU.Build.0 = Release|Any CPU
		{662956E9-9001-4059-8422-4309DCD86AE4}.Debug|Any CPU.ActiveCfg = Debug|Any CPU
		{662956E9-9001-4059-8422-4309DCD86AE4}.Debug|Any CPU.Build.0 = Debug|Any CPU
		{662956E9-9001-4059-8422-4309DCD86AE4}.Release|Any CPU.ActiveCfg = Release|Any CPU
		{662956E9-9001-4059-8422-4309DCD86AE4}.Release|Any CPU.Build.0 = Release|Any CPU
		{06803F1E-2478-4CDE-88F8-C0943651A1E0}.Debug|Any CPU.ActiveCfg = Debug|Any CPU
		{06803F1E-2478-4CDE-88F8-C0943651A1E0}.Debug|Any CPU.Build.0 = Debug|Any CPU
		{06803F1E-2478-4CDE-88F8-C0943651A1E0}.Release|Any CPU.ActiveCfg = Release|Any CPU
		{06803F1E-2478-4CDE-88F8-C0943651A1E0}.Release|Any CPU.Build.0 = Release|Any CPU
		{FC4AE55A-BAEC-4E47-9585-39FD44599532}.Debug|Any CPU.ActiveCfg = Debug|Any CPU
		{FC4AE55A-BAEC-4E47-9585-39FD44599532}.Debug|Any CPU.Build.0 = Debug|Any CPU
		{FC4AE55A-BAEC-4E47-9585-39FD44599532}.Release|Any CPU.ActiveCfg = Release|Any CPU
		{FC4AE55A-BAEC-4E47-9585-39FD44599532}.Release|Any CPU.Build.0 = Release|Any CPU
	EndGlobalSection
	GlobalSection(SolutionProperties) = preSolution
		HideSolutionNode = FALSE
	EndGlobalSection
	GlobalSection(NestedProjects) = preSolution
		{662956E9-9001-4059-8422-4309DCD86AE4} = {CAC0DC8C-2D19-41BF-B014-2C11A9102599}
		{06803F1E-2478-4CDE-88F8-C0943651A1E0} = {411AC267-8087-4B14-863A-D555EE71B5C1}
		{FC4AE55A-BAEC-4E47-9585-39FD44599532} = {A6182FED-1F3E-4C14-92F1-B917BA5BC896}
	EndGlobalSection
	GlobalSection(ExtensibilityGlobals) = postSolution
		SolutionGuid = {7169CBAC-2B6F-4596-BDA2-BD8370BBEAEA}
	EndGlobalSection
EndGlobal
