
Microsoft Visual Studio Solution File, Format Version 12.00
# Visual Studio Version 16
VisualStudioVersion = 16.0.31624.102
MinimumVisualStudioVersion = 10.0.40219.1
Project("{FAE04EC0-301F-11D3-BF4B-00C04F79EFBC}") = "MetalBake.core", "MetalBake.core\MetalBake.core.csproj", "{A3217396-6897-4F9A-96D6-85B941676357}"
EndProject
Project("{FAE04EC0-301F-11D3-BF4B-00C04F79EFBC}") = "MetalBake.infra", "MetalBake.infra\MetalBake.infra.csproj", "{EF95C70C-1C12-42DD-BD74-3D89F2CFFA38}"
	ProjectSection(ProjectDependencies) = postProject
		{421F1D8A-F6CC-49C5-AFDE-5F15C7213880} = {421F1D8A-F6CC-49C5-AFDE-5F15C7213880}
	EndProjectSection
EndProject
Project("{FAE04EC0-301F-11D3-BF4B-00C04F79EFBC}") = "MetalBake.Web", "MetalBake.Web\MetalBake.Web.csproj", "{BBE24527-7A30-4CB2-BF59-535CBFB762F5}"
EndProject
Project("{E24C65DC-7377-472B-9ABA-BC803B73C61A}") = "MetalBake.WCFstock", "MetalBake.WCFstock\", "{421F1D8A-F6CC-49C5-AFDE-5F15C7213880}"
	ProjectSection(WebsiteProperties) = preProject
		TargetFrameworkMoniker = ".NETFramework,Version%3Dv4.7.2"
		Debug.AspNetCompiler.VirtualPath = "/localhost_62806"
		Debug.AspNetCompiler.PhysicalPath = "MetalBake.WCFstock\"
		Debug.AspNetCompiler.TargetPath = "PrecompiledWeb\localhost_62806\"
		Debug.AspNetCompiler.Updateable = "true"
		Debug.AspNetCompiler.ForceOverwrite = "true"
		Debug.AspNetCompiler.FixedNames = "false"
		Debug.AspNetCompiler.Debug = "True"
		Release.AspNetCompiler.VirtualPath = "/localhost_62806"
		Release.AspNetCompiler.PhysicalPath = "MetalBake.WCFstock\"
		Release.AspNetCompiler.TargetPath = "PrecompiledWeb\localhost_62806\"
		Release.AspNetCompiler.Updateable = "true"
		Release.AspNetCompiler.ForceOverwrite = "true"
		Release.AspNetCompiler.FixedNames = "false"
		Release.AspNetCompiler.Debug = "False"
		VWDPort = "62806"
		SlnRelativePath = "MetalBake.WCFstock\"
		DefaultWebSiteLanguage = "Visual C#"
	EndProjectSection
EndProject
Project("{9A19103F-16F7-4668-BE54-9A1E7A4F7556}") = "MetalBake.ApiPrices", "MetalBake.ApiPrices\MetalBake.ApiPrices.csproj", "{19A636B7-8296-4B21-BA67-FFC2D3B0B94D}"
EndProject
Project("{9A19103F-16F7-4668-BE54-9A1E7A4F7556}") = "MetalBake.ApiNames", "MetalBake.ApiNames\MetalBake.ApiNames.csproj", "{353C6182-B1D7-4418-A7D7-11F0DF435C62}"
EndProject
Project("{FAE04EC0-301F-11D3-BF4B-00C04F79EFBC}") = "MetalBake.ApplicationServices", "MetalBake.ApplicationServices\MetalBake.ApplicationServices.csproj", "{54259567-4488-44A3-A233-8238772D603F}"
EndProject
Project("{2150E333-8FDC-42A3-9474-1A3956D46DE8}") = "Tests", "Tests", "{1EE664DC-2DC0-4EBD-BE37-B68161F534DD}"
EndProject
Project("{9A19103F-16F7-4668-BE54-9A1E7A4F7556}") = "MetalBake.ApiNames.UnitTest", "MetalBake.ApiNames.UnitTest\MetalBake.ApiNames.UnitTest.csproj", "{7F5B1454-EF7C-4F00-8185-DB146DCBCE0B}"
EndProject
Project("{9A19103F-16F7-4668-BE54-9A1E7A4F7556}") = "MetalBake.ApiPrices.UnitTest", "MetalBake.ApiPrices.UnitTest\MetalBake.ApiPrices.UnitTest.csproj", "{5FE6770F-FE37-4ED5-B9B9-19D1579FC8C7}"
EndProject
Project("{FAE04EC0-301F-11D3-BF4B-00C04F79EFBC}") = "MetalBake.WCFStock.UnitTest", "MetalBake.WCFStock.UnitTest\MetalBake.WCFStock.UnitTest.csproj", "{F2A30672-7E88-45C6-8499-D7D894514E96}"
	ProjectSection(ProjectDependencies) = postProject
		{421F1D8A-F6CC-49C5-AFDE-5F15C7213880} = {421F1D8A-F6CC-49C5-AFDE-5F15C7213880}
	EndProjectSection
EndProject
Project("{FAE04EC0-301F-11D3-BF4B-00C04F79EFBC}") = "MetalBake.core.UnitTest", "MetalBake.core.UnitTest\MetalBake.core.UnitTest.csproj", "{EB94E6E2-A9FA-4EFB-B23E-3822AFE3D393}"
EndProject
Project("{FAE04EC0-301F-11D3-BF4B-00C04F79EFBC}") = "MetalBake.ApplicationService.UnitTest", "MetalBake.ApplicationService.UnitTest\MetalBake.ApplicationService.UnitTest.csproj", "{493B6998-2EE7-4AA4-987C-8F6DDA0755FB}"
EndProject
Project("{2150E333-8FDC-42A3-9474-1A3956D46DE8}") = "External Services", "External Services", "{5AD2A005-F1FE-4FE5-9DA2-51F74D7A9DA7}"
EndProject
Project("{2150E333-8FDC-42A3-9474-1A3956D46DE8}") = "Tests", "Tests", "{572B4399-FE59-4AB4-8FF8-79014F5E726B}"
EndProject
Global
	GlobalSection(SolutionConfigurationPlatforms) = preSolution
		Debug|Any CPU = Debug|Any CPU
		Release|Any CPU = Release|Any CPU
	EndGlobalSection
	GlobalSection(ProjectConfigurationPlatforms) = postSolution
		{A3217396-6897-4F9A-96D6-85B941676357}.Debug|Any CPU.ActiveCfg = Debug|Any CPU
		{A3217396-6897-4F9A-96D6-85B941676357}.Debug|Any CPU.Build.0 = Debug|Any CPU
		{A3217396-6897-4F9A-96D6-85B941676357}.Release|Any CPU.ActiveCfg = Release|Any CPU
		{A3217396-6897-4F9A-96D6-85B941676357}.Release|Any CPU.Build.0 = Release|Any CPU
		{EF95C70C-1C12-42DD-BD74-3D89F2CFFA38}.Debug|Any CPU.ActiveCfg = Debug|Any CPU
		{EF95C70C-1C12-42DD-BD74-3D89F2CFFA38}.Debug|Any CPU.Build.0 = Debug|Any CPU
		{EF95C70C-1C12-42DD-BD74-3D89F2CFFA38}.Release|Any CPU.ActiveCfg = Release|Any CPU
		{EF95C70C-1C12-42DD-BD74-3D89F2CFFA38}.Release|Any CPU.Build.0 = Release|Any CPU
		{BBE24527-7A30-4CB2-BF59-535CBFB762F5}.Debug|Any CPU.ActiveCfg = Debug|Any CPU
		{BBE24527-7A30-4CB2-BF59-535CBFB762F5}.Debug|Any CPU.Build.0 = Debug|Any CPU
		{BBE24527-7A30-4CB2-BF59-535CBFB762F5}.Release|Any CPU.ActiveCfg = Release|Any CPU
		{BBE24527-7A30-4CB2-BF59-535CBFB762F5}.Release|Any CPU.Build.0 = Release|Any CPU
		{421F1D8A-F6CC-49C5-AFDE-5F15C7213880}.Debug|Any CPU.ActiveCfg = Debug|Any CPU
		{421F1D8A-F6CC-49C5-AFDE-5F15C7213880}.Debug|Any CPU.Build.0 = Debug|Any CPU
		{421F1D8A-F6CC-49C5-AFDE-5F15C7213880}.Release|Any CPU.ActiveCfg = Debug|Any CPU
		{421F1D8A-F6CC-49C5-AFDE-5F15C7213880}.Release|Any CPU.Build.0 = Debug|Any CPU
		{19A636B7-8296-4B21-BA67-FFC2D3B0B94D}.Debug|Any CPU.ActiveCfg = Debug|Any CPU
		{19A636B7-8296-4B21-BA67-FFC2D3B0B94D}.Debug|Any CPU.Build.0 = Debug|Any CPU
		{19A636B7-8296-4B21-BA67-FFC2D3B0B94D}.Release|Any CPU.ActiveCfg = Release|Any CPU
		{19A636B7-8296-4B21-BA67-FFC2D3B0B94D}.Release|Any CPU.Build.0 = Release|Any CPU
		{353C6182-B1D7-4418-A7D7-11F0DF435C62}.Debug|Any CPU.ActiveCfg = Debug|Any CPU
		{353C6182-B1D7-4418-A7D7-11F0DF435C62}.Debug|Any CPU.Build.0 = Debug|Any CPU
		{353C6182-B1D7-4418-A7D7-11F0DF435C62}.Release|Any CPU.ActiveCfg = Release|Any CPU
		{353C6182-B1D7-4418-A7D7-11F0DF435C62}.Release|Any CPU.Build.0 = Release|Any CPU
		{54259567-4488-44A3-A233-8238772D603F}.Debug|Any CPU.ActiveCfg = Debug|Any CPU
		{54259567-4488-44A3-A233-8238772D603F}.Debug|Any CPU.Build.0 = Debug|Any CPU
		{54259567-4488-44A3-A233-8238772D603F}.Release|Any CPU.ActiveCfg = Release|Any CPU
		{54259567-4488-44A3-A233-8238772D603F}.Release|Any CPU.Build.0 = Release|Any CPU
		{7F5B1454-EF7C-4F00-8185-DB146DCBCE0B}.Debug|Any CPU.ActiveCfg = Debug|Any CPU
		{7F5B1454-EF7C-4F00-8185-DB146DCBCE0B}.Debug|Any CPU.Build.0 = Debug|Any CPU
		{7F5B1454-EF7C-4F00-8185-DB146DCBCE0B}.Release|Any CPU.ActiveCfg = Release|Any CPU
		{7F5B1454-EF7C-4F00-8185-DB146DCBCE0B}.Release|Any CPU.Build.0 = Release|Any CPU
		{5FE6770F-FE37-4ED5-B9B9-19D1579FC8C7}.Debug|Any CPU.ActiveCfg = Debug|Any CPU
		{5FE6770F-FE37-4ED5-B9B9-19D1579FC8C7}.Debug|Any CPU.Build.0 = Debug|Any CPU
		{5FE6770F-FE37-4ED5-B9B9-19D1579FC8C7}.Release|Any CPU.ActiveCfg = Release|Any CPU
		{5FE6770F-FE37-4ED5-B9B9-19D1579FC8C7}.Release|Any CPU.Build.0 = Release|Any CPU
		{F2A30672-7E88-45C6-8499-D7D894514E96}.Debug|Any CPU.ActiveCfg = Debug|Any CPU
		{F2A30672-7E88-45C6-8499-D7D894514E96}.Debug|Any CPU.Build.0 = Debug|Any CPU
		{F2A30672-7E88-45C6-8499-D7D894514E96}.Release|Any CPU.ActiveCfg = Release|Any CPU
		{F2A30672-7E88-45C6-8499-D7D894514E96}.Release|Any CPU.Build.0 = Release|Any CPU
		{EB94E6E2-A9FA-4EFB-B23E-3822AFE3D393}.Debug|Any CPU.ActiveCfg = Debug|Any CPU
		{EB94E6E2-A9FA-4EFB-B23E-3822AFE3D393}.Debug|Any CPU.Build.0 = Debug|Any CPU
		{EB94E6E2-A9FA-4EFB-B23E-3822AFE3D393}.Release|Any CPU.ActiveCfg = Release|Any CPU
		{EB94E6E2-A9FA-4EFB-B23E-3822AFE3D393}.Release|Any CPU.Build.0 = Release|Any CPU
		{493B6998-2EE7-4AA4-987C-8F6DDA0755FB}.Debug|Any CPU.ActiveCfg = Debug|Any CPU
		{493B6998-2EE7-4AA4-987C-8F6DDA0755FB}.Debug|Any CPU.Build.0 = Debug|Any CPU
		{493B6998-2EE7-4AA4-987C-8F6DDA0755FB}.Release|Any CPU.ActiveCfg = Release|Any CPU
		{493B6998-2EE7-4AA4-987C-8F6DDA0755FB}.Release|Any CPU.Build.0 = Release|Any CPU
	EndGlobalSection
	GlobalSection(SolutionProperties) = preSolution
		HideSolutionNode = FALSE
	EndGlobalSection
	GlobalSection(NestedProjects) = preSolution
		{421F1D8A-F6CC-49C5-AFDE-5F15C7213880} = {5AD2A005-F1FE-4FE5-9DA2-51F74D7A9DA7}
		{19A636B7-8296-4B21-BA67-FFC2D3B0B94D} = {5AD2A005-F1FE-4FE5-9DA2-51F74D7A9DA7}
		{353C6182-B1D7-4418-A7D7-11F0DF435C62} = {5AD2A005-F1FE-4FE5-9DA2-51F74D7A9DA7}
		{7F5B1454-EF7C-4F00-8185-DB146DCBCE0B} = {572B4399-FE59-4AB4-8FF8-79014F5E726B}
		{5FE6770F-FE37-4ED5-B9B9-19D1579FC8C7} = {572B4399-FE59-4AB4-8FF8-79014F5E726B}
		{F2A30672-7E88-45C6-8499-D7D894514E96} = {572B4399-FE59-4AB4-8FF8-79014F5E726B}
		{EB94E6E2-A9FA-4EFB-B23E-3822AFE3D393} = {1EE664DC-2DC0-4EBD-BE37-B68161F534DD}
		{493B6998-2EE7-4AA4-987C-8F6DDA0755FB} = {1EE664DC-2DC0-4EBD-BE37-B68161F534DD}
		{572B4399-FE59-4AB4-8FF8-79014F5E726B} = {5AD2A005-F1FE-4FE5-9DA2-51F74D7A9DA7}
	EndGlobalSection
	GlobalSection(ExtensibilityGlobals) = postSolution
		SolutionGuid = {7169CBAC-2B6F-4596-BDA2-BD8370BBEAEA}
	EndGlobalSection
EndGlobal
